
Microsoft Visual Studio Solution File, Format Version 12.00
# Visual Studio Version 17
VisualStudioVersion = 17.5.33414.496
MinimumVisualStudioVersion = 10.0.40219.1
Project("{FAE04EC0-301F-11D3-BF4B-00C04F79EFBC}") = "TheApi", "TheApi\TheApi.csproj", "{A21A12A0-3FC0-43DC-9AA3-7EF5C6AB82F6}"
EndProject
Global
	GlobalSection(SolutionConfigurationPlatforms) = preSolution
		Debug|Any CPU = Debug|Any CPU
		Release|Any CPU = Release|Any CPU
	EndGlobalSection
	GlobalSection(ProjectConfigurationPlatforms) = postSolution
		{A21A12A0-3FC0-43DC-9AA3-7EF5C6AB82F6}.Debug|Any CPU.ActiveCfg = Debug|Any CPU
		{A21A12A0-3FC0-43DC-9AA3-7EF5C6AB82F6}.Debug|Any CPU.Build.0 = Debug|Any CPU
		{A21A12A0-3FC0-43DC-9AA3-7EF5C6AB82F6}.Release|Any CPU.ActiveCfg = Release|Any CPU
		{A21A12A0-3FC0-43DC-9AA3-7EF5C6AB82F6}.Release|Any CPU.Build.0 = Release|Any CPU
	EndGlobalSection
	GlobalSection(SolutionProperties) = preSolution
		HideSolutionNode = FALSE
	EndGlobalSection
	GlobalSection(ExtensibilityGlobals) = postSolution
		SolutionGuid = {C0485CE7-E279-4904-9AFD-927DD89F67B8}
	EndGlobalSection
EndGlobal
